{
  "name": "Studies",
  "lockfileVersion": 2,
  "requires": true,
  "packages": {
    "": {
      "dependencies": {
        "npcreate": "^1.0.0"
      }
    },
    "node_modules/npcreate": {
      "version": "1.0.0",
      "resolved": "https://registry.npmjs.org/npcreate/-/npcreate-1.0.0.tgz",
      "integrity": "sha512-v0c8RajEXjFuBUQ3yrrO6g8HiMIqsZXYXklM9lRToSb3ndfGASfonu9pG8Nh783JMJgAKtehoc8qmDSuYR51bQ=="
    }
  },
  "dependencies": {
    "npcreate": {
      "version": "1.0.0",
      "resolved": "https://registry.npmjs.org/npcreate/-/npcreate-1.0.0.tgz",
      "integrity": "sha512-v0c8RajEXjFuBUQ3yrrO6g8HiMIqsZXYXklM9lRToSb3ndfGASfonu9pG8Nh783JMJgAKtehoc8qmDSuYR51bQ=="
    }
  }
}
